// !$*UTF8*$!
{
	archiveVersion = 1;
	classes = {
	};
	objectVersion = 56;
	objects = {

/* Begin PBXBuildFile section */
		001E228729D8B74200497C38 /* RipeningView.swift in Sources */ = {isa = PBXBuildFile; fileRef = 001E228629D8B74200497C38 /* RipeningView.swift */; };
		001E228929D8BDD900497C38 /* RipeningModel.swift in Sources */ = {isa = PBXBuildFile; fileRef = 001E228829D8BDD900497C38 /* RipeningModel.swift */; };
		001E228B29D8BE3800497C38 /* RipeningData.swift in Sources */ = {isa = PBXBuildFile; fileRef = 001E228A29D8BE3800497C38 /* RipeningData.swift */; };
		00AC6CC529DB06490078A439 /* Constants.swift in Sources */ = {isa = PBXBuildFile; fileRef = 00AC6CC429DB06490078A439 /* Constants.swift */; };
		00AE668829D85BA7001D00C3 /* AvocadosApp.swift in Sources */ = {isa = PBXBuildFile; fileRef = 00AE668729D85BA7001D00C3 /* AvocadosApp.swift */; };
		00AE668A29D85BA7001D00C3 /* ContentView.swift in Sources */ = {isa = PBXBuildFile; fileRef = 00AE668929D85BA7001D00C3 /* ContentView.swift */; };
		00AE668C29D85BA7001D00C3 /* Assets.xcassets in Resources */ = {isa = PBXBuildFile; fileRef = 00AE668B29D85BA7001D00C3 /* Assets.xcassets */; };
		00AE668F29D85BA7001D00C3 /* Preview Assets.xcassets in Resources */ = {isa = PBXBuildFile; fileRef = 00AE668E29D85BA7001D00C3 /* Preview Assets.xcassets */; };
		00AE669629D86202001D00C3 /* Launch Screen.storyboard in Resources */ = {isa = PBXBuildFile; fileRef = 00AE669529D86202001D00C3 /* Launch Screen.storyboard */; };
		00AE669B29D8662D001D00C3 /* AvocadosView.swift in Sources */ = {isa = PBXBuildFile; fileRef = 00AE669A29D8662D001D00C3 /* AvocadosView.swift */; };
		00AE669D29D86659001D00C3 /* RipeningStagesView.swift in Sources */ = {isa = PBXBuildFile; fileRef = 00AE669C29D86659001D00C3 /* RipeningStagesView.swift */; };
		00AE669F29D86678001D00C3 /* SettingsView.swift in Sources */ = {isa = PBXBuildFile; fileRef = 00AE669E29D86678001D00C3 /* SettingsView.swift */; };
		00AE66A129D86689001D00C3 /* AppView.swift in Sources */ = {isa = PBXBuildFile; fileRef = 00AE66A029D86689001D00C3 /* AppView.swift */; };
		00AE66A329D86C82001D00C3 /* HeaderView.swift in Sources */ = {isa = PBXBuildFile; fileRef = 00AE66A229D86C82001D00C3 /* HeaderView.swift */; };
		00AE66A529D871A3001D00C3 /* HeaderModel.swift in Sources */ = {isa = PBXBuildFile; fileRef = 00AE66A429D871A3001D00C3 /* HeaderModel.swift */; };
		00AE66A729D871F4001D00C3 /* HeaderData.swift in Sources */ = {isa = PBXBuildFile; fileRef = 00AE66A629D871F4001D00C3 /* HeaderData.swift */; };
		00AE66A929D87E9A001D00C3 /* DishesView.swift in Sources */ = {isa = PBXBuildFile; fileRef = 00AE66A829D87E9A001D00C3 /* DishesView.swift */; };
		00AE66AB29D884FE001D00C3 /* FactsView.swift in Sources */ = {isa = PBXBuildFile; fileRef = 00AE66AA29D884FE001D00C3 /* FactsView.swift */; };
		00AE66AD29D887A8001D00C3 /* FactModel.swift in Sources */ = {isa = PBXBuildFile; fileRef = 00AE66AC29D887A8001D00C3 /* FactModel.swift */; };
		00AE66AF29D887EB001D00C3 /* FactData.swift in Sources */ = {isa = PBXBuildFile; fileRef = 00AE66AE29D887EB001D00C3 /* FactData.swift */; };
		00AE66B129D889A2001D00C3 /* RecipeModel.swift in Sources */ = {isa = PBXBuildFile; fileRef = 00AE66B029D889A2001D00C3 /* RecipeModel.swift */; };
		00AE66B329D88A29001D00C3 /* RecipeData.swift in Sources */ = {isa = PBXBuildFile; fileRef = 00AE66B229D88A29001D00C3 /* RecipeData.swift */; };
		00AE66B529D88A7B001D00C3 /* RecipeCardView.swift in Sources */ = {isa = PBXBuildFile; fileRef = 00AE66B429D88A7B001D00C3 /* RecipeCardView.swift */; };
		00AE66B729D890E4001D00C3 /* RecipeRatingView.swift in Sources */ = {isa = PBXBuildFile; fileRef = 00AE66B629D890E4001D00C3 /* RecipeRatingView.swift */; };
		00AE66B929D8914A001D00C3 /* RecipeCookingView.swift in Sources */ = {isa = PBXBuildFile; fileRef = 00AE66B829D8914A001D00C3 /* RecipeCookingView.swift */; };
		00AE66BB29D891B4001D00C3 /* RecipeDetailView.swift in Sources */ = {isa = PBXBuildFile; fileRef = 00AE66BA29D891B4001D00C3 /* RecipeDetailView.swift */; };
/* End PBXBuildFile section */

/* Begin PBXFileReference section */
		001E228629D8B74200497C38 /* RipeningView.swift */ = {isa = PBXFileReference; lastKnownFileType = sourcecode.swift; path = RipeningView.swift; sourceTree = "<group>"; };
		001E228829D8BDD900497C38 /* RipeningModel.swift */ = {isa = PBXFileReference; lastKnownFileType = sourcecode.swift; path = RipeningModel.swift; sourceTree = "<group>"; };
		001E228A29D8BE3800497C38 /* RipeningData.swift */ = {isa = PBXFileReference; lastKnownFileType = sourcecode.swift; path = RipeningData.swift; sourceTree = "<group>"; };
		00AC6CC429DB06490078A439 /* Constants.swift */ = {isa = PBXFileReference; lastKnownFileType = sourcecode.swift; path = Constants.swift; sourceTree = "<group>"; };
		00AE668429D85BA7001D00C3 /* Avocados.app */ = {isa = PBXFileReference; explicitFileType = wrapper.application; includeInIndex = 0; path = Avocados.app; sourceTree = BUILT_PRODUCTS_DIR; };
		00AE668729D85BA7001D00C3 /* AvocadosApp.swift */ = {isa = PBXFileReference; lastKnownFileType = sourcecode.swift; path = AvocadosApp.swift; sourceTree = "<group>"; };
		00AE668929D85BA7001D00C3 /* ContentView.swift */ = {isa = PBXFileReference; lastKnownFileType = sourcecode.swift; path = ContentView.swift; sourceTree = "<group>"; };
		00AE668B29D85BA7001D00C3 /* Assets.xcassets */ = {isa = PBXFileReference; lastKnownFileType = folder.assetcatalog; path = Assets.xcassets; sourceTree = "<group>"; };
		00AE668E29D85BA7001D00C3 /* Preview Assets.xcassets */ = {isa = PBXFileReference; lastKnownFileType = folder.assetcatalog; path = "Preview Assets.xcassets"; sourceTree = "<group>"; };
		00AE669529D86202001D00C3 /* Launch Screen.storyboard */ = {isa = PBXFileReference; lastKnownFileType = file.storyboard; path = "Launch Screen.storyboard"; sourceTree = "<group>"; };
		00AE669A29D8662D001D00C3 /* AvocadosView.swift */ = {isa = PBXFileReference; lastKnownFileType = sourcecode.swift; path = AvocadosView.swift; sourceTree = "<group>"; };
		00AE669C29D86659001D00C3 /* RipeningStagesView.swift */ = {isa = PBXFileReference; lastKnownFileType = sourcecode.swift; path = RipeningStagesView.swift; sourceTree = "<group>"; };
		00AE669E29D86678001D00C3 /* SettingsView.swift */ = {isa = PBXFileReference; lastKnownFileType = sourcecode.swift; path = SettingsView.swift; sourceTree = "<group>"; };
		00AE66A029D86689001D00C3 /* AppView.swift */ = {isa = PBXFileReference; lastKnownFileType = sourcecode.swift; path = AppView.swift; sourceTree = "<group>"; };
		00AE66A229D86C82001D00C3 /* HeaderView.swift */ = {isa = PBXFileReference; lastKnownFileType = sourcecode.swift; path = HeaderView.swift; sourceTree = "<group>"; };
		00AE66A429D871A3001D00C3 /* HeaderModel.swift */ = {isa = PBXFileReference; lastKnownFileType = sourcecode.swift; path = HeaderModel.swift; sourceTree = "<group>"; };
		00AE66A629D871F4001D00C3 /* HeaderData.swift */ = {isa = PBXFileReference; lastKnownFileType = sourcecode.swift; path = HeaderData.swift; sourceTree = "<group>"; };
		00AE66A829D87E9A001D00C3 /* DishesView.swift */ = {isa = PBXFileReference; lastKnownFileType = sourcecode.swift; path = DishesView.swift; sourceTree = "<group>"; };
		00AE66AA29D884FE001D00C3 /* FactsView.swift */ = {isa = PBXFileReference; lastKnownFileType = sourcecode.swift; path = FactsView.swift; sourceTree = "<group>"; };
		00AE66AC29D887A8001D00C3 /* FactModel.swift */ = {isa = PBXFileReference; lastKnownFileType = sourcecode.swift; path = FactModel.swift; sourceTree = "<group>"; };
		00AE66AE29D887EB001D00C3 /* FactData.swift */ = {isa = PBXFileReference; lastKnownFileType = sourcecode.swift; path = FactData.swift; sourceTree = "<group>"; };
		00AE66B029D889A2001D00C3 /* RecipeModel.swift */ = {isa = PBXFileReference; lastKnownFileType = sourcecode.swift; path = RecipeModel.swift; sourceTree = "<group>"; };
		00AE66B229D88A29001D00C3 /* RecipeData.swift */ = {isa = PBXFileReference; lastKnownFileType = sourcecode.swift; path = RecipeData.swift; sourceTree = "<group>"; };
		00AE66B429D88A7B001D00C3 /* RecipeCardView.swift */ = {isa = PBXFileReference; lastKnownFileType = sourcecode.swift; path = RecipeCardView.swift; sourceTree = "<group>"; };
		00AE66B629D890E4001D00C3 /* RecipeRatingView.swift */ = {isa = PBXFileReference; lastKnownFileType = sourcecode.swift; path = RecipeRatingView.swift; sourceTree = "<group>"; };
		00AE66B829D8914A001D00C3 /* RecipeCookingView.swift */ = {isa = PBXFileReference; lastKnownFileType = sourcecode.swift; path = RecipeCookingView.swift; sourceTree = "<group>"; };
		00AE66BA29D891B4001D00C3 /* RecipeDetailView.swift */ = {isa = PBXFileReference; lastKnownFileType = sourcecode.swift; path = RecipeDetailView.swift; sourceTree = "<group>"; };
/* End PBXFileReference section */

/* Begin PBXFrameworksBuildPhase section */
		00AE668129D85BA7001D00C3 /* Frameworks */ = {
			isa = PBXFrameworksBuildPhase;
			buildActionMask = 2147483647;
			files = (
			);
			runOnlyForDeploymentPostprocessing = 0;
		};
/* End PBXFrameworksBuildPhase section */

/* Begin PBXGroup section */
		00AC6CC329DB06360078A439 /* Utility */ = {
			isa = PBXGroup;
			children = (
				00AC6CC429DB06490078A439 /* Constants.swift */,
			);
			path = Utility;
			sourceTree = "<group>";
		};
		00AE667B29D85BA7001D00C3 = {
			isa = PBXGroup;
			children = (
				00AE668629D85BA7001D00C3 /* Avocados */,
				00AE668529D85BA7001D00C3 /* Products */,
			);
			sourceTree = "<group>";
		};
		00AE668529D85BA7001D00C3 /* Products */ = {
			isa = PBXGroup;
			children = (
				00AE668429D85BA7001D00C3 /* Avocados.app */,
			);
			name = Products;
			sourceTree = "<group>";
		};
		00AE668629D85BA7001D00C3 /* Avocados */ = {
			isa = PBXGroup;
			children = (
				00AC6CC329DB06360078A439 /* Utility */,
				00AE669929D865EF001D00C3 /* View */,
				00AE669829D865E4001D00C3 /* Model */,
				00AE669729D865D9001D00C3 /* Data */,
				00AE668729D85BA7001D00C3 /* AvocadosApp.swift */,
				00AE668B29D85BA7001D00C3 /* Assets.xcassets */,
				00AE669529D86202001D00C3 /* Launch Screen.storyboard */,
				00AE668D29D85BA7001D00C3 /* Preview Content */,
			);
			path = Avocados;
			sourceTree = "<group>";
		};
		00AE668D29D85BA7001D00C3 /* Preview Content */ = {
			isa = PBXGroup;
			children = (
				00AE668E29D85BA7001D00C3 /* Preview Assets.xcassets */,
			);
			path = "Preview Content";
			sourceTree = "<group>";
		};
		00AE669729D865D9001D00C3 /* Data */ = {
			isa = PBXGroup;
			children = (
				00AE66A629D871F4001D00C3 /* HeaderData.swift */,
				00AE66AE29D887EB001D00C3 /* FactData.swift */,
				00AE66B229D88A29001D00C3 /* RecipeData.swift */,
				001E228A29D8BE3800497C38 /* RipeningData.swift */,
			);
			path = Data;
			sourceTree = "<group>";
		};
		00AE669829D865E4001D00C3 /* Model */ = {
			isa = PBXGroup;
			children = (
				00AE66A429D871A3001D00C3 /* HeaderModel.swift */,
				00AE66AC29D887A8001D00C3 /* FactModel.swift */,
				00AE66B029D889A2001D00C3 /* RecipeModel.swift */,
				001E228829D8BDD900497C38 /* RipeningModel.swift */,
			);
			path = Model;
			sourceTree = "<group>";
		};
		00AE669929D865EF001D00C3 /* View */ = {
			isa = PBXGroup;
			children = (
				00AE668929D85BA7001D00C3 /* ContentView.swift */,
				00AE669A29D8662D001D00C3 /* AvocadosView.swift */,
				00AE669C29D86659001D00C3 /* RipeningStagesView.swift */,
				00AE669E29D86678001D00C3 /* SettingsView.swift */,
				00AE66A029D86689001D00C3 /* AppView.swift */,
				00AE66A229D86C82001D00C3 /* HeaderView.swift */,
				00AE66A829D87E9A001D00C3 /* DishesView.swift */,
				00AE66AA29D884FE001D00C3 /* FactsView.swift */,
				00AE66B429D88A7B001D00C3 /* RecipeCardView.swift */,
				00AE66B629D890E4001D00C3 /* RecipeRatingView.swift */,
				00AE66B829D8914A001D00C3 /* RecipeCookingView.swift */,
				00AE66BA29D891B4001D00C3 /* RecipeDetailView.swift */,
				001E228629D8B74200497C38 /* RipeningView.swift */,
			);
			path = View;
			sourceTree = "<group>";
		};
/* End PBXGroup section */

/* Begin PBXNativeTarget section */
		00AE668329D85BA7001D00C3 /* Avocados */ = {
			isa = PBXNativeTarget;
			buildConfigurationList = 00AE669229D85BA7001D00C3 /* Build configuration list for PBXNativeTarget "Avocados" */;
			buildPhases = (
				00AE668029D85BA7001D00C3 /* Sources */,
				00AE668129D85BA7001D00C3 /* Frameworks */,
				00AE668229D85BA7001D00C3 /* Resources */,
			);
			buildRules = (
			);
			dependencies = (
			);
			name = Avocados;
			productName = Avocados;
			productReference = 00AE668429D85BA7001D00C3 /* Avocados.app */;
			productType = "com.apple.product-type.application";
		};
/* End PBXNativeTarget section */

/* Begin PBXProject section */
		00AE667C29D85BA7001D00C3 /* Project object */ = {
			isa = PBXProject;
			attributes = {
				BuildIndependentTargetsInParallel = 1;
				LastSwiftUpdateCheck = 1420;
				LastUpgradeCheck = 1420;
				TargetAttributes = {
					00AE668329D85BA7001D00C3 = {
						CreatedOnToolsVersion = 14.2;
					};
				};
			};
			buildConfigurationList = 00AE667F29D85BA7001D00C3 /* Build configuration list for PBXProject "Avocados" */;
			compatibilityVersion = "Xcode 14.0";
			developmentRegion = en;
			hasScannedForEncodings = 0;
			knownRegions = (
				en,
				Base,
			);
			mainGroup = 00AE667B29D85BA7001D00C3;
			productRefGroup = 00AE668529D85BA7001D00C3 /* Products */;
			projectDirPath = "";
			projectRoot = "";
			targets = (
				00AE668329D85BA7001D00C3 /* Avocados */,
			);
		};
/* End PBXProject section */

/* Begin PBXResourcesBuildPhase section */
		00AE668229D85BA7001D00C3 /* Resources */ = {
			isa = PBXResourcesBuildPhase;
			buildActionMask = 2147483647;
			files = (
				00AE669629D86202001D00C3 /* Launch Screen.storyboard in Resources */,
				00AE668F29D85BA7001D00C3 /* Preview Assets.xcassets in Resources */,
				00AE668C29D85BA7001D00C3 /* Assets.xcassets in Resources */,
			);
			runOnlyForDeploymentPostprocessing = 0;
		};
/* End PBXResourcesBuildPhase section */

/* Begin PBXSourcesBuildPhase section */
		00AE668029D85BA7001D00C3 /* Sources */ = {
			isa = PBXSourcesBuildPhase;
			buildActionMask = 2147483647;
			files = (
				00AE669F29D86678001D00C3 /* SettingsView.swift in Sources */,
				00AE66B729D890E4001D00C3 /* RecipeRatingView.swift in Sources */,
				001E228929D8BDD900497C38 /* RipeningModel.swift in Sources */,
				00AE668A29D85BA7001D00C3 /* ContentView.swift in Sources */,
				00AE66A129D86689001D00C3 /* AppView.swift in Sources */,
				001E228B29D8BE3800497C38 /* RipeningData.swift in Sources */,
				00AC6CC529DB06490078A439 /* Constants.swift in Sources */,
				00AE669D29D86659001D00C3 /* RipeningStagesView.swift in Sources */,
				00AE668829D85BA7001D00C3 /* AvocadosApp.swift in Sources */,
				00AE669B29D8662D001D00C3 /* AvocadosView.swift in Sources */,
				00AE66A529D871A3001D00C3 /* HeaderModel.swift in Sources */,
				00AE66B129D889A2001D00C3 /* RecipeModel.swift in Sources */,
				00AE66A729D871F4001D00C3 /* HeaderData.swift in Sources */,
				00AE66A929D87E9A001D00C3 /* DishesView.swift in Sources */,
				00AE66B929D8914A001D00C3 /* RecipeCookingView.swift in Sources */,
				001E228729D8B74200497C38 /* RipeningView.swift in Sources */,
				00AE66AD29D887A8001D00C3 /* FactModel.swift in Sources */,
				00AE66AB29D884FE001D00C3 /* FactsView.swift in Sources */,
				00AE66B529D88A7B001D00C3 /* RecipeCardView.swift in Sources */,
				00AE66B329D88A29001D00C3 /* RecipeData.swift in Sources */,
				00AE66A329D86C82001D00C3 /* HeaderView.swift in Sources */,
				00AE66BB29D891B4001D00C3 /* RecipeDetailView.swift in Sources */,
				00AE66AF29D887EB001D00C3 /* FactData.swift in Sources */,
			);
			runOnlyForDeploymentPostprocessing = 0;
		};
/* End PBXSourcesBuildPhase section */

/* Begin XCBuildConfiguration section */
		00AE669029D85BA7001D00C3 /* Debug */ = {
			isa = XCBuildConfiguration;
			buildSettings = {
				ALWAYS_SEARCH_USER_PATHS = NO;
				CLANG_ANALYZER_NONNULL = YES;
				CLANG_ANALYZER_NUMBER_OBJECT_CONVERSION = YES_AGGRESSIVE;
				CLANG_CXX_LANGUAGE_STANDARD = "gnu++20";
				CLANG_ENABLE_MODULES = YES;
				CLANG_ENABLE_OBJC_ARC = YES;
				CLANG_ENABLE_OBJC_WEAK = YES;
				CLANG_WARN_BLOCK_CAPTURE_AUTORELEASING = YES;
				CLANG_WARN_BOOL_CONVERSION = YES;
				CLANG_WARN_COMMA = YES;
				CLANG_WARN_CONSTANT_CONVERSION = YES;
				CLANG_WARN_DEPRECATED_OBJC_IMPLEMENTATIONS = YES;
				CLANG_WARN_DIRECT_OBJC_ISA_USAGE = YES_ERROR;
				CLANG_WARN_DOCUMENTATION_COMMENTS = YES;
				CLANG_WARN_EMPTY_BODY = YES;
				CLANG_WARN_ENUM_CONVERSION = YES;
				CLANG_WARN_INFINITE_RECURSION = YES;
				CLANG_WARN_INT_CONVERSION = YES;
				CLANG_WARN_NON_LITERAL_NULL_CONVERSION = YES;
				CLANG_WARN_OBJC_IMPLICIT_RETAIN_SELF = YES;
				CLANG_WARN_OBJC_LITERAL_CONVERSION = YES;
				CLANG_WARN_OBJC_ROOT_CLASS = YES_ERROR;
				CLANG_WARN_QUOTED_INCLUDE_IN_FRAMEWORK_HEADER = YES;
				CLANG_WARN_RANGE_LOOP_ANALYSIS = YES;
				CLANG_WARN_STRICT_PROTOTYPES = YES;
				CLANG_WARN_SUSPICIOUS_MOVE = YES;
				CLANG_WARN_UNGUARDED_AVAILABILITY = YES_AGGRESSIVE;
				CLANG_WARN_UNREACHABLE_CODE = YES;
				CLANG_WARN__DUPLICATE_METHOD_MATCH = YES;
				COPY_PHASE_STRIP = NO;
				DEBUG_INFORMATION_FORMAT = dwarf;
				ENABLE_STRICT_OBJC_MSGSEND = YES;
				ENABLE_TESTABILITY = YES;
				GCC_C_LANGUAGE_STANDARD = gnu11;
				GCC_DYNAMIC_NO_PIC = NO;
				GCC_NO_COMMON_BLOCKS = YES;
				GCC_OPTIMIZATION_LEVEL = 0;
				GCC_PREPROCESSOR_DEFINITIONS = (
					"DEBUG=1",
					"$(inherited)",
				);
				GCC_WARN_64_TO_32_BIT_CONVERSION = YES;
				GCC_WARN_ABOUT_RETURN_TYPE = YES_ERROR;
				GCC_WARN_UNDECLARED_SELECTOR = YES;
				GCC_WARN_UNINITIALIZED_AUTOS = YES_AGGRESSIVE;
				GCC_WARN_UNUSED_FUNCTION = YES;
				GCC_WARN_UNUSED_VARIABLE = YES;
				IPHONEOS_DEPLOYMENT_TARGET = 16.2;
				MTL_ENABLE_DEBUG_INFO = INCLUDE_SOURCE;
				MTL_FAST_MATH = YES;
				ONLY_ACTIVE_ARCH = YES;
				SDKROOT = iphoneos;
				SWIFT_ACTIVE_COMPILATION_CONDITIONS = DEBUG;
				SWIFT_OPTIMIZATION_LEVEL = "-Onone";
			};
			name = Debug;
		};
		00AE669129D85BA7001D00C3 /* Release */ = {
			isa = XCBuildConfiguration;
			buildSettings = {
				ALWAYS_SEARCH_USER_PATHS = NO;
				CLANG_ANALYZER_NONNULL = YES;
				CLANG_ANALYZER_NUMBER_OBJECT_CONVERSION = YES_AGGRESSIVE;
				CLANG_CXX_LANGUAGE_STANDARD = "gnu++20";
				CLANG_ENABLE_MODULES = YES;
				CLANG_ENABLE_OBJC_ARC = YES;
				CLANG_ENABLE_OBJC_WEAK = YES;
				CLANG_WARN_BLOCK_CAPTURE_AUTORELEASING = YES;
				CLANG_WARN_BOOL_CONVERSION = YES;
				CLANG_WARN_COMMA = YES;
				CLANG_WARN_CONSTANT_CONVERSION = YES;
				CLANG_WARN_DEPRECATED_OBJC_IMPLEMENTATIONS = YES;
				CLANG_WARN_DIRECT_OBJC_ISA_USAGE = YES_ERROR;
				CLANG_WARN_DOCUMENTATION_COMMENTS = YES;
				CLANG_WARN_EMPTY_BODY = YES;
				CLANG_WARN_ENUM_CONVERSION = YES;
				CLANG_WARN_INFINITE_RECURSION = YES;
				CLANG_WARN_INT_CONVERSION = YES;
				CLANG_WARN_NON_LITERAL_NULL_CONVERSION = YES;
				CLANG_WARN_OBJC_IMPLICIT_RETAIN_SELF = YES;
				CLANG_WARN_OBJC_LITERAL_CONVERSION = YES;
				CLANG_WARN_OBJC_ROOT_CLASS = YES_ERROR;
				CLANG_WARN_QUOTED_INCLUDE_IN_FRAMEWORK_HEADER = YES;
				CLANG_WARN_RANGE_LOOP_ANALYSIS = YES;
				CLANG_WARN_STRICT_PROTOTYPES = YES;
				CLANG_WARN_SUSPICIOUS_MOVE = YES;
				CLANG_WARN_UNGUARDED_AVAILABILITY = YES_AGGRESSIVE;
				CLANG_WARN_UNREACHABLE_CODE = YES;
				CLANG_WARN__DUPLICATE_METHOD_MATCH = YES;
				COPY_PHASE_STRIP = NO;
				DEBUG_INFORMATION_FORMAT = "dwarf-with-dsym";
				ENABLE_NS_ASSERTIONS = NO;
				ENABLE_STRICT_OBJC_MSGSEND = YES;
				GCC_C_LANGUAGE_STANDARD = gnu11;
				GCC_NO_COMMON_BLOCKS = YES;
				GCC_WARN_64_TO_32_BIT_CONVERSION = YES;
				GCC_WARN_ABOUT_RETURN_TYPE = YES_ERROR;
				GCC_WARN_UNDECLARED_SELECTOR = YES;
				GCC_WARN_UNINITIALIZED_AUTOS = YES_AGGRESSIVE;
				GCC_WARN_UNUSED_FUNCTION = YES;
				GCC_WARN_UNUSED_VARIABLE = YES;
				IPHONEOS_DEPLOYMENT_TARGET = 16.2;
				MTL_ENABLE_DEBUG_INFO = NO;
				MTL_FAST_MATH = YES;
				SDKROOT = iphoneos;
				SWIFT_COMPILATION_MODE = wholemodule;
				SWIFT_OPTIMIZATION_LEVEL = "-O";
				VALIDATE_PRODUCT = YES;
			};
			name = Release;
		};
		00AE669329D85BA7001D00C3 /* Debug */ = {
			isa = XCBuildConfiguration;
			buildSettings = {
				ASSETCATALOG_COMPILER_APPICON_NAME = AppIcon;
				ASSETCATALOG_COMPILER_GLOBAL_ACCENT_COLOR_NAME = AccentColor;
				CODE_SIGN_STYLE = Automatic;
				CURRENT_PROJECT_VERSION = 1;
				DEVELOPMENT_ASSET_PATHS = "\"Avocados/Preview Content\"";
				ENABLE_PREVIEWS = YES;
				GENERATE_INFOPLIST_FILE = YES;
				INFOPLIST_KEY_UIApplicationSceneManifest_Generation = YES;
				INFOPLIST_KEY_UIApplicationSupportsIndirectInputEvents = YES;
				INFOPLIST_KEY_UILaunchScreen_Generation = YES;
				INFOPLIST_KEY_UISupportedInterfaceOrientations = UIInterfaceOrientationPortrait;
				INFOPLIST_KEY_UISupportedInterfaceOrientations_iPad = "UIInterfaceOrientationLandscapeLeft UIInterfaceOrientationLandscapeRight UIInterfaceOrientationPortrait UIInterfaceOrientationPortraitUpsideDown";
				LD_RUNPATH_SEARCH_PATHS = (
					"$(inherited)",
					"@executable_path/Frameworks",
				);
				MARKETING_VERSION = 1.0;
				PRODUCT_BUNDLE_IDENTIFIER = com.tomy.Avocados;
				PRODUCT_NAME = "$(TARGET_NAME)";
				SWIFT_EMIT_LOC_STRINGS = YES;
				SWIFT_VERSION = 5.0;
				TARGETED_DEVICE_FAMILY = "1,2";
			};
			name = Debug;
		};
		00AE669429D85BA7001D00C3 /* Release */ = {
			isa = XCBuildConfiguration;
			buildSettings = {
				ASSETCATALOG_COMPILER_APPICON_NAME = AppIcon;
				ASSETCATALOG_COMPILER_GLOBAL_ACCENT_COLOR_NAME = AccentColor;
				CODE_SIGN_STYLE = Automatic;
				CURRENT_PROJECT_VERSION = 1;
				DEVELOPMENT_ASSET_PATHS = "\"Avocados/Preview Content\"";
				ENABLE_PREVIEWS = YES;
				GENERATE_INFOPLIST_FILE = YES;
				INFOPLIST_KEY_UIApplicationSceneManifest_Generation = YES;
				INFOPLIST_KEY_UIApplicationSupportsIndirectInputEvents = YES;
				INFOPLIST_KEY_UILaunchScreen_Generation = YES;
				INFOPLIST_KEY_UISupportedInterfaceOrientations = UIInterfaceOrientationPortrait;
				INFOPLIST_KEY_UISupportedInterfaceOrientations_iPad = "UIInterfaceOrientationLandscapeLeft UIInterfaceOrientationLandscapeRight UIInterfaceOrientationPortrait UIInterfaceOrientationPortraitUpsideDown";
				LD_RUNPATH_SEARCH_PATHS = (
					"$(inherited)",
					"@executable_path/Frameworks",
				);
				MARKETING_VERSION = 1.0;
				PRODUCT_BUNDLE_IDENTIFIER = com.tomy.Avocados;
				PRODUCT_NAME = "$(TARGET_NAME)";
				SWIFT_EMIT_LOC_STRINGS = YES;
				SWIFT_VERSION = 5.0;
				TARGETED_DEVICE_FAMILY = "1,2";
			};
			name = Release;
		};
/* End XCBuildConfiguration section */

/* Begin XCConfigurationList section */
		00AE667F29D85BA7001D00C3 /* Build configuration list for PBXProject "Avocados" */ = {
			isa = XCConfigurationList;
			buildConfigurations = (
				00AE669029D85BA7001D00C3 /* Debug */,
				00AE669129D85BA7001D00C3 /* Release */,
			);
			defaultConfigurationIsVisible = 0;
			defaultConfigurationName = Release;
		};
		00AE669229D85BA7001D00C3 /* Build configuration list for PBXNativeTarget "Avocados" */ = {
			isa = XCConfigurationList;
			buildConfigurations = (
				00AE669329D85BA7001D00C3 /* Debug */,
				00AE669429D85BA7001D00C3 /* Release */,
			);
			defaultConfigurationIsVisible = 0;
			defaultConfigurationName = Release;
		};
/* End XCConfigurationList section */
	};
	rootObject = 00AE667C29D85BA7001D00C3 /* Project object */;
}
